// !$*UTF8*$!
{
	archiveVersion = 1;
	classes = {
	};
	objectVersion = 56;
	objects = {

/* Begin PBXBuildFile section */
		62583DF22B7BD109009D852C /* Data.swift in Sources */ = {isa = PBXBuildFile; fileRef = 62583DF12B7BD109009D852C /* Data.swift */; };
		62583DF42B7BD414009D852C /* SecondView.swift in Sources */ = {isa = PBXBuildFile; fileRef = 62583DF32B7BD414009D852C /* SecondView.swift */; };
		6270AB542B619D5600BE81CF /* a5_testsApp.swift in Sources */ = {isa = PBXBuildFile; fileRef = 6270AB532B619D5600BE81CF /* a5_testsApp.swift */; };
		6270AB562B619D5600BE81CF /* ContentView.swift in Sources */ = {isa = PBXBuildFile; fileRef = 6270AB552B619D5600BE81CF /* ContentView.swift */; };
		6270AB582B619D5900BE81CF /* Assets.xcassets in Resources */ = {isa = PBXBuildFile; fileRef = 6270AB572B619D5900BE81CF /* Assets.xcassets */; };
		6270AB5B2B619D5900BE81CF /* Preview Assets.xcassets in Resources */ = {isa = PBXBuildFile; fileRef = 6270AB5A2B619D5900BE81CF /* Preview Assets.xcassets */; };
		6270AB652B619D5A00BE81CF /* a5_testsTests.swift in Sources */ = {isa = PBXBuildFile; fileRef = 6270AB642B619D5A00BE81CF /* a5_testsTests.swift */; };
		6270AB6F2B619D5A00BE81CF /* a5_testsUITests.swift in Sources */ = {isa = PBXBuildFile; fileRef = 6270AB6E2B619D5A00BE81CF /* a5_testsUITests.swift */; };
		6270AB712B619D5A00BE81CF /* a5_testsUITestsLaunchTests.swift in Sources */ = {isa = PBXBuildFile; fileRef = 6270AB702B619D5A00BE81CF /* a5_testsUITestsLaunchTests.swift */; };
		6270AB7E2B619DA800BE81CF /* Model.swift in Sources */ = {isa = PBXBuildFile; fileRef = 6270AB7D2B619DA800BE81CF /* Model.swift */; };
/* End PBXBuildFile section */

/* Begin PBXContainerItemProxy section */
		6270AB612B619D5A00BE81CF /* PBXContainerItemProxy */ = {
			isa = PBXContainerItemProxy;
			containerPortal = 6270AB482B619D5600BE81CF /* Project object */;
			proxyType = 1;
			remoteGlobalIDString = 6270AB4F2B619D5600BE81CF;
			remoteInfo = a5_tests;
		};
		6270AB6B2B619D5A00BE81CF /* PBXContainerItemProxy */ = {
			isa = PBXContainerItemProxy;
			containerPortal = 6270AB482B619D5600BE81CF /* Project object */;
			proxyType = 1;
			remoteGlobalIDString = 6270AB4F2B619D5600BE81CF;
			remoteInfo = a5_tests;
		};
/* End PBXContainerItemProxy section */

/* Begin PBXFileReference section */
		62583DF12B7BD109009D852C /* Data.swift */ = {isa = PBXFileReference; lastKnownFileType = sourcecode.swift; path = Data.swift; sourceTree = "<group>"; };
		62583DF32B7BD414009D852C /* SecondView.swift */ = {isa = PBXFileReference; lastKnownFileType = sourcecode.swift; path = SecondView.swift; sourceTree = "<group>"; };
		6270AB502B619D5600BE81CF /* a5_tests.app */ = {isa = PBXFileReference; explicitFileType = wrapper.application; includeInIndex = 0; path = a5_tests.app; sourceTree = BUILT_PRODUCTS_DIR; };
		6270AB532B619D5600BE81CF /* a5_testsApp.swift */ = {isa = PBXFileReference; lastKnownFileType = sourcecode.swift; path = a5_testsApp.swift; sourceTree = "<group>"; };
		6270AB552B619D5600BE81CF /* ContentView.swift */ = {isa = PBXFileReference; lastKnownFileType = sourcecode.swift; path = ContentView.swift; sourceTree = "<group>"; };
		6270AB572B619D5900BE81CF /* Assets.xcassets */ = {isa = PBXFileReference; lastKnownFileType = folder.assetcatalog; path = Assets.xcassets; sourceTree = "<group>"; };
		6270AB5A2B619D5900BE81CF /* Preview Assets.xcassets */ = {isa = PBXFileReference; lastKnownFileType = folder.assetcatalog; path = "Preview Assets.xcassets"; sourceTree = "<group>"; };
		6270AB602B619D5A00BE81CF /* a5_testsTests.xctest */ = {isa = PBXFileReference; explicitFileType = wrapper.cfbundle; includeInIndex = 0; path = a5_testsTests.xctest; sourceTree = BUILT_PRODUCTS_DIR; };
		6270AB642B619D5A00BE81CF /* a5_testsTests.swift */ = {isa = PBXFileReference; lastKnownFileType = sourcecode.swift; path = a5_testsTests.swift; sourceTree = "<group>"; };
		6270AB6A2B619D5A00BE81CF /* a5_testsUITests.xctest */ = {isa = PBXFileReference; explicitFileType = wrapper.cfbundle; includeInIndex = 0; path = a5_testsUITests.xctest; sourceTree = BUILT_PRODUCTS_DIR; };
		6270AB6E2B619D5A00BE81CF /* a5_testsUITests.swift */ = {isa = PBXFileReference; lastKnownFileType = sourcecode.swift; path = a5_testsUITests.swift; sourceTree = "<group>"; };
		6270AB702B619D5A00BE81CF /* a5_testsUITestsLaunchTests.swift */ = {isa = PBXFileReference; lastKnownFileType = sourcecode.swift; path = a5_testsUITestsLaunchTests.swift; sourceTree = "<group>"; };
		6270AB7D2B619DA800BE81CF /* Model.swift */ = {isa = PBXFileReference; lastKnownFileType = sourcecode.swift; path = Model.swift; sourceTree = "<group>"; };
/* End PBXFileReference section */

/* Begin PBXFrameworksBuildPhase section */
		6270AB4D2B619D5600BE81CF /* Frameworks */ = {
			isa = PBXFrameworksBuildPhase;
			buildActionMask = 2147483647;
			files = (
			);
			runOnlyForDeploymentPostprocessing = 0;
		};
		6270AB5D2B619D5A00BE81CF /* Frameworks */ = {
			isa = PBXFrameworksBuildPhase;
			buildActionMask = 2147483647;
			files = (
			);
			runOnlyForDeploymentPostprocessing = 0;
		};
		6270AB672B619D5A00BE81CF /* Frameworks */ = {
			isa = PBXFrameworksBuildPhase;
			buildActionMask = 2147483647;
			files = (
			);
			runOnlyForDeploymentPostprocessing = 0;
		};
/* End PBXFrameworksBuildPhase section */

/* Begin PBXGroup section */
		62583DED2B7BCFEC009D852C /* Models */ = {
			isa = PBXGroup;
			children = (
				6270AB7D2B619DA800BE81CF /* Model.swift */,
			);
			path = Models;
			sourceTree = "<group>";
		};
		62583DEE2B7BCFF1009D852C /* ViewModels */ = {
			isa = PBXGroup;
			children = (
			);
			path = ViewModels;
			sourceTree = "<group>";
		};
		62583DEF2B7BCFF7009D852C /* Views */ = {
			isa = PBXGroup;
			children = (
				6270AB552B619D5600BE81CF /* ContentView.swift */,
				62583DF32B7BD414009D852C /* SecondView.swift */,
			);
			path = Views;
			sourceTree = "<group>";
		};
		62583DF02B7BD002009D852C /* DataServices */ = {
			isa = PBXGroup;
			children = (
				62583DF12B7BD109009D852C /* Data.swift */,
			);
			path = DataServices;
			sourceTree = "<group>";
		};
		6270AB472B619D5600BE81CF = {
			isa = PBXGroup;
			children = (
				6270AB522B619D5600BE81CF /* a5_tests */,
				6270AB632B619D5A00BE81CF /* a5_testsTests */,
				6270AB6D2B619D5A00BE81CF /* a5_testsUITests */,
				6270AB512B619D5600BE81CF /* Products */,
			);
			sourceTree = "<group>";
		};
		6270AB512B619D5600BE81CF /* Products */ = {
			isa = PBXGroup;
			children = (
				6270AB502B619D5600BE81CF /* a5_tests.app */,
				6270AB602B619D5A00BE81CF /* a5_testsTests.xctest */,
				6270AB6A2B619D5A00BE81CF /* a5_testsUITests.xctest */,
			);
			name = Products;
			sourceTree = "<group>";
		};
		6270AB522B619D5600BE81CF /* a5_tests */ = {
			isa = PBXGroup;
			children = (
				62583DF02B7BD002009D852C /* DataServices */,
				62583DEF2B7BCFF7009D852C /* Views */,
				62583DED2B7BCFEC009D852C /* Models */,
				62583DEE2B7BCFF1009D852C /* ViewModels */,
				6270AB532B619D5600BE81CF /* a5_testsApp.swift */,
				6270AB572B619D5900BE81CF /* Assets.xcassets */,
				6270AB5A2B619D5900BE81CF /* Preview Assets.xcassets */,
				6270AB592B619D5900BE81CF /* Preview Content */,
			);
			path = a5_tests;
			sourceTree = "<group>";
		};
		6270AB592B619D5900BE81CF /* Preview Content */ = {
			isa = PBXGroup;
			children = (
			);
			path = "Preview Content";
			sourceTree = "<group>";
		};
		6270AB632B619D5A00BE81CF /* a5_testsTests */ = {
			isa = PBXGroup;
			children = (
				6270AB642B619D5A00BE81CF /* a5_testsTests.swift */,
			);
			path = a5_testsTests;
			sourceTree = "<group>";
		};
		6270AB6D2B619D5A00BE81CF /* a5_testsUITests */ = {
			isa = PBXGroup;
			children = (
				6270AB6E2B619D5A00BE81CF /* a5_testsUITests.swift */,
				6270AB702B619D5A00BE81CF /* a5_testsUITestsLaunchTests.swift */,
			);
			path = a5_testsUITests;
			sourceTree = "<group>";
		};
/* End PBXGroup section */

/* Begin PBXNativeTarget section */
		6270AB4F2B619D5600BE81CF /* a5_tests */ = {
			isa = PBXNativeTarget;
			buildConfigurationList = 6270AB742B619D5A00BE81CF /* Build configuration list for PBXNativeTarget "a5_tests" */;
			buildPhases = (
				6270AB4C2B619D5600BE81CF /* Sources */,
				6270AB4D2B619D5600BE81CF /* Frameworks */,
				6270AB4E2B619D5600BE81CF /* Resources */,
			);
			buildRules = (
			);
			dependencies = (
			);
			name = a5_tests;
			productName = a5_tests;
			productReference = 6270AB502B619D5600BE81CF /* a5_tests.app */;
			productType = "com.apple.product-type.application";
		};
		6270AB5F2B619D5A00BE81CF /* a5_testsTests */ = {
			isa = PBXNativeTarget;
			buildConfigurationList = 6270AB772B619D5A00BE81CF /* Build configuration list for PBXNativeTarget "a5_testsTests" */;
			buildPhases = (
				6270AB5C2B619D5A00BE81CF /* Sources */,
				6270AB5D2B619D5A00BE81CF /* Frameworks */,
				6270AB5E2B619D5A00BE81CF /* Resources */,
			);
			buildRules = (
			);
			dependencies = (
				6270AB622B619D5A00BE81CF /* PBXTargetDependency */,
			);
			name = a5_testsTests;
			productName = a5_testsTests;
			productReference = 6270AB602B619D5A00BE81CF /* a5_testsTests.xctest */;
			productType = "com.apple.product-type.bundle.unit-test";
		};
		6270AB692B619D5A00BE81CF /* a5_testsUITests */ = {
			isa = PBXNativeTarget;
			buildConfigurationList = 6270AB7A2B619D5A00BE81CF /* Build configuration list for PBXNativeTarget "a5_testsUITests" */;
			buildPhases = (
				6270AB662B619D5A00BE81CF /* Sources */,
				6270AB672B619D5A00BE81CF /* Frameworks */,
				6270AB682B619D5A00BE81CF /* Resources */,
			);
			buildRules = (
			);
			dependencies = (
				6270AB6C2B619D5A00BE81CF /* PBXTargetDependency */,
			);
			name = a5_testsUITests;
			productName = a5_testsUITests;
			productReference = 6270AB6A2B619D5A00BE81CF /* a5_testsUITests.xctest */;
			productType = "com.apple.product-type.bundle.ui-testing";
		};
/* End PBXNativeTarget section */

/* Begin PBXProject section */
		6270AB482B619D5600BE81CF /* Project object */ = {
			isa = PBXProject;
			attributes = {
				BuildIndependentTargetsInParallel = 1;
				LastSwiftUpdateCheck = 1520;
				LastUpgradeCheck = 1520;
				TargetAttributes = {
					6270AB4F2B619D5600BE81CF = {
						CreatedOnToolsVersion = 15.2;
					};
					6270AB5F2B619D5A00BE81CF = {
						CreatedOnToolsVersion = 15.2;
						TestTargetID = 6270AB4F2B619D5600BE81CF;
					};
					6270AB692B619D5A00BE81CF = {
						CreatedOnToolsVersion = 15.2;
						TestTargetID = 6270AB4F2B619D5600BE81CF;
					};
				};
			};
			buildConfigurationList = 6270AB4B2B619D5600BE81CF /* Build configuration list for PBXProject "a5_tests" */;
			compatibilityVersion = "Xcode 14.0";
			developmentRegion = en;
			hasScannedForEncodings = 0;
			knownRegions = (
				en,
				Base,
			);
			mainGroup = 6270AB472B619D5600BE81CF;
			productRefGroup = 6270AB512B619D5600BE81CF /* Products */;
			projectDirPath = "";
			projectRoot = "";
			targets = (
				6270AB4F2B619D5600BE81CF /* a5_tests */,
				6270AB5F2B619D5A00BE81CF /* a5_testsTests */,
				6270AB692B619D5A00BE81CF /* a5_testsUITests */,
			);
		};
/* End PBXProject section */

/* Begin PBXResourcesBuildPhase section */
		6270AB4E2B619D5600BE81CF /* Resources */ = {
			isa = PBXResourcesBuildPhase;
			buildActionMask = 2147483647;
			files = (
				6270AB5B2B619D5900BE81CF /* Preview Assets.xcassets in Resources */,
				6270AB582B619D5900BE81CF /* Assets.xcassets in Resources */,
			);
			runOnlyForDeploymentPostprocessing = 0;
		};
		6270AB5E2B619D5A00BE81CF /* Resources */ = {
			isa = PBXResourcesBuildPhase;
			buildActionMask = 2147483647;
			files = (
			);
			runOnlyForDeploymentPostprocessing = 0;
		};
		6270AB682B619D5A00BE81CF /* Resources */ = {
			isa = PBXResourcesBuildPhase;
			buildActionMask = 2147483647;
			files = (
			);
			runOnlyForDeploymentPostprocessing = 0;
		};
/* End PBXResourcesBuildPhase section */

/* Begin PBXSourcesBuildPhase section */
		6270AB4C2B619D5600BE81CF /* Sources */ = {
			isa = PBXSourcesBuildPhase;
			buildActionMask = 2147483647;
			files = (
				6270AB562B619D5600BE81CF /* ContentView.swift in Sources */,
				62583DF42B7BD414009D852C /* SecondView.swift in Sources */,
				6270AB7E2B619DA800BE81CF /* Model.swift in Sources */,
				6270AB542B619D5600BE81CF /* a5_testsApp.swift in Sources */,
				62583DF22B7BD109009D852C /* Data.swift in Sources */,
			);
			runOnlyForDeploymentPostprocessing = 0;
		};
		6270AB5C2B619D5A00BE81CF /* Sources */ = {
			isa = PBXSourcesBuildPhase;
			buildActionMask = 2147483647;
			files = (
				6270AB652B619D5A00BE81CF /* a5_testsTests.swift in Sources */,
			);
			runOnlyForDeploymentPostprocessing = 0;
		};
		6270AB662B619D5A00BE81CF /* Sources */ = {
			isa = PBXSourcesBuildPhase;
			buildActionMask = 2147483647;
			files = (
				6270AB712B619D5A00BE81CF /* a5_testsUITestsLaunchTests.swift in Sources */,
				6270AB6F2B619D5A00BE81CF /* a5_testsUITests.swift in Sources */,
			);
			runOnlyForDeploymentPostprocessing = 0;
		};
/* End PBXSourcesBuildPhase section */

/* Begin PBXTargetDependency section */
		6270AB622B619D5A00BE81CF /* PBXTargetDependency */ = {
			isa = PBXTargetDependency;
			target = 6270AB4F2B619D5600BE81CF /* a5_tests */;
			targetProxy = 6270AB612B619D5A00BE81CF /* PBXContainerItemProxy */;
		};
		6270AB6C2B619D5A00BE81CF /* PBXTargetDependency */ = {
			isa = PBXTargetDependency;
			target = 6270AB4F2B619D5600BE81CF /* a5_tests */;
			targetProxy = 6270AB6B2B619D5A00BE81CF /* PBXContainerItemProxy */;
		};
/* End PBXTargetDependency section */

/* Begin XCBuildConfiguration section */
		6270AB722B619D5A00BE81CF /* Debug */ = {
			isa = XCBuildConfiguration;
			buildSettings = {
				ALWAYS_SEARCH_USER_PATHS = NO;
				ASSETCATALOG_COMPILER_GENERATE_SWIFT_ASSET_SYMBOL_EXTENSIONS = YES;
				CLANG_ANALYZER_NONNULL = YES;
				CLANG_ANALYZER_NUMBER_OBJECT_CONVERSION = YES_AGGRESSIVE;
				CLANG_CXX_LANGUAGE_STANDARD = "gnu++20";
				CLANG_ENABLE_MODULES = YES;
				CLANG_ENABLE_OBJC_ARC = YES;
				CLANG_ENABLE_OBJC_WEAK = YES;
				CLANG_WARN_BLOCK_CAPTURE_AUTORELEASING = YES;
				CLANG_WARN_BOOL_CONVERSION = YES;
				CLANG_WARN_COMMA = YES;
				CLANG_WARN_CONSTANT_CONVERSION = YES;
				CLANG_WARN_DEPRECATED_OBJC_IMPLEMENTATIONS = YES;
				CLANG_WARN_DIRECT_OBJC_ISA_USAGE = YES_ERROR;
				CLANG_WARN_DOCUMENTATION_COMMENTS = YES;
				CLANG_WARN_EMPTY_BODY = YES;
				CLANG_WARN_ENUM_CONVERSION = YES;
				CLANG_WARN_INFINITE_RECURSION = YES;
				CLANG_WARN_INT_CONVERSION = YES;
				CLANG_WARN_NON_LITERAL_NULL_CONVERSION = YES;
				CLANG_WARN_OBJC_IMPLICIT_RETAIN_SELF = YES;
				CLANG_WARN_OBJC_LITERAL_CONVERSION = YES;
				CLANG_WARN_OBJC_ROOT_CLASS = YES_ERROR;
				CLANG_WARN_QUOTED_INCLUDE_IN_FRAMEWORK_HEADER = YES;
				CLANG_WARN_RANGE_LOOP_ANALYSIS = YES;
				CLANG_WARN_STRICT_PROTOTYPES = YES;
				CLANG_WARN_SUSPICIOUS_MOVE = YES;
				CLANG_WARN_UNGUARDED_AVAILABILITY = YES_AGGRESSIVE;
				CLANG_WARN_UNREACHABLE_CODE = YES;
				CLANG_WARN__DUPLICATE_METHOD_MATCH = YES;
				COPY_PHASE_STRIP = NO;
				DEBUG_INFORMATION_FORMAT = dwarf;
				ENABLE_STRICT_OBJC_MSGSEND = YES;
				ENABLE_TESTABILITY = YES;
				ENABLE_USER_SCRIPT_SANDBOXING = YES;
				GCC_C_LANGUAGE_STANDARD = gnu17;
				GCC_DYNAMIC_NO_PIC = NO;
				GCC_NO_COMMON_BLOCKS = YES;
				GCC_OPTIMIZATION_LEVEL = 0;
				GCC_PREPROCESSOR_DEFINITIONS = (
					"DEBUG=1",
					"$(inherited)",
				);
				GCC_WARN_64_TO_32_BIT_CONVERSION = YES;
				GCC_WARN_ABOUT_RETURN_TYPE = YES_ERROR;
				GCC_WARN_UNDECLARED_SELECTOR = YES;
				GCC_WARN_UNINITIALIZED_AUTOS = YES_AGGRESSIVE;
				GCC_WARN_UNUSED_FUNCTION = YES;
				GCC_WARN_UNUSED_VARIABLE = YES;
				IPHONEOS_DEPLOYMENT_TARGET = 17.2;
				LOCALIZATION_PREFERS_STRING_CATALOGS = YES;
				MTL_ENABLE_DEBUG_INFO = INCLUDE_SOURCE;
				MTL_FAST_MATH = YES;
				ONLY_ACTIVE_ARCH = YES;
				SDKROOT = iphoneos;
				SWIFT_ACTIVE_COMPILATION_CONDITIONS = "DEBUG $(inherited)";
				SWIFT_OPTIMIZATION_LEVEL = "-Onone";
			};
			name = Debug;
		};
		6270AB732B619D5A00BE81CF /* Release */ = {
			isa = XCBuildConfiguration;
			buildSettings = {
				ALWAYS_SEARCH_USER_PATHS = NO;
				ASSETCATALOG_COMPILER_GENERATE_SWIFT_ASSET_SYMBOL_EXTENSIONS = YES;
				CLANG_ANALYZER_NONNULL = YES;
				CLANG_ANALYZER_NUMBER_OBJECT_CONVERSION = YES_AGGRESSIVE;
				CLANG_CXX_LANGUAGE_STANDARD = "gnu++20";
				CLANG_ENABLE_MODULES = YES;
				CLANG_ENABLE_OBJC_ARC = YES;
				CLANG_ENABLE_OBJC_WEAK = YES;
				CLANG_WARN_BLOCK_CAPTURE_AUTORELEASING = YES;
				CLANG_WARN_BOOL_CONVERSION = YES;
				CLANG_WARN_COMMA = YES;
				CLANG_WARN_CONSTANT_CONVERSION = YES;
				CLANG_WARN_DEPRECATED_OBJC_IMPLEMENTATIONS = YES;
				CLANG_WARN_DIRECT_OBJC_ISA_USAGE = YES_ERROR;
				CLANG_WARN_DOCUMENTATION_COMMENTS = YES;
				CLANG_WARN_EMPTY_BODY = YES;
				CLANG_WARN_ENUM_CONVERSION = YES;
				CLANG_WARN_INFINITE_RECURSION = YES;
				CLANG_WARN_INT_CONVERSION = YES;
				CLANG_WARN_NON_LITERAL_NULL_CONVERSION = YES;
				CLANG_WARN_OBJC_IMPLICIT_RETAIN_SELF = YES;
				CLANG_WARN_OBJC_LITERAL_CONVERSION = YES;
				CLANG_WARN_OBJC_ROOT_CLASS = YES_ERROR;
				CLANG_WARN_QUOTED_INCLUDE_IN_FRAMEWORK_HEADER = YES;
				CLANG_WARN_RANGE_LOOP_ANALYSIS = YES;
				CLANG_WARN_STRICT_PROTOTYPES = YES;
				CLANG_WARN_SUSPICIOUS_MOVE = YES;
				CLANG_WARN_UNGUARDED_AVAILABILITY = YES_AGGRESSIVE;
				CLANG_WARN_UNREACHABLE_CODE = YES;
				CLANG_WARN__DUPLICATE_METHOD_MATCH = YES;
				COPY_PHASE_STRIP = NO;
				DEBUG_INFORMATION_FORMAT = "dwarf-with-dsym";
				ENABLE_NS_ASSERTIONS = NO;
				ENABLE_STRICT_OBJC_MSGSEND = YES;
				ENABLE_USER_SCRIPT_SANDBOXING = YES;
				GCC_C_LANGUAGE_STANDARD = gnu17;
				GCC_NO_COMMON_BLOCKS = YES;
				GCC_WARN_64_TO_32_BIT_CONVERSION = YES;
				GCC_WARN_ABOUT_RETURN_TYPE = YES_ERROR;
				GCC_WARN_UNDECLARED_SELECTOR = YES;
				GCC_WARN_UNINITIALIZED_AUTOS = YES_AGGRESSIVE;
				GCC_WARN_UNUSED_FUNCTION = YES;
				GCC_WARN_UNUSED_VARIABLE = YES;
				IPHONEOS_DEPLOYMENT_TARGET = 17.2;
				LOCALIZATION_PREFERS_STRING_CATALOGS = YES;
				MTL_ENABLE_DEBUG_INFO = NO;
				MTL_FAST_MATH = YES;
				SDKROOT = iphoneos;
				SWIFT_COMPILATION_MODE = wholemodule;
				VALIDATE_PRODUCT = YES;
			};
			name = Release;
		};
		6270AB752B619D5A00BE81CF /* Debug */ = {
			isa = XCBuildConfiguration;
			buildSettings = {
				ASSETCATALOG_COMPILER_APPICON_NAME = AppIcon;
				ASSETCATALOG_COMPILER_GLOBAL_ACCENT_COLOR_NAME = AccentColor;
				CODE_SIGN_STYLE = Automatic;
				CURRENT_PROJECT_VERSION = 1;
				DEVELOPMENT_ASSET_PATHS = "\"a5_tests/Preview Content\"";
				DEVELOPMENT_TEAM = LUFC6WH32K;
				ENABLE_PREVIEWS = YES;
				GENERATE_INFOPLIST_FILE = YES;
				INFOPLIST_KEY_UIApplicationSceneManifest_Generation = YES;
				INFOPLIST_KEY_UIApplicationSupportsIndirectInputEvents = YES;
				INFOPLIST_KEY_UILaunchScreen_Generation = YES;
				INFOPLIST_KEY_UISupportedInterfaceOrientations_iPad = "UIInterfaceOrientationPortrait UIInterfaceOrientationPortraitUpsideDown UIInterfaceOrientationLandscapeLeft UIInterfaceOrientationLandscapeRight";
				INFOPLIST_KEY_UISupportedInterfaceOrientations_iPhone = "UIInterfaceOrientationPortrait UIInterfaceOrientationLandscapeLeft UIInterfaceOrientationLandscapeRight";
				LD_RUNPATH_SEARCH_PATHS = (
					"$(inherited)",
					"@executable_path/Frameworks",
				);
				MARKETING_VERSION = 1.0;
				PRODUCT_BUNDLE_IDENTIFIER = "home.a5-tests";
				PRODUCT_NAME = "$(TARGET_NAME)";
				SWIFT_EMIT_LOC_STRINGS = YES;
				SWIFT_VERSION = 5.0;
				TARGETED_DEVICE_FAMILY = "1,2";
			};
			name = Debug;
		};
		6270AB762B619D5A00BE81CF /* Release */ = {
			isa = XCBuildConfiguration;
			buildSettings = {
				ASSETCATALOG_COMPILER_APPICON_NAME = AppIcon;
				ASSETCATALOG_COMPILER_GLOBAL_ACCENT_COLOR_NAME = AccentColor;
				CODE_SIGN_STYLE = Automatic;
				CURRENT_PROJECT_VERSION = 1;
				DEVELOPMENT_ASSET_PATHS = "\"a5_tests/Preview Content\"";
				DEVELOPMENT_TEAM = LUFC6WH32K;
				ENABLE_PREVIEWS = YES;
				GENERATE_INFOPLIST_FILE = YES;
				INFOPLIST_KEY_UIApplicationSceneManifest_Generation = YES;
				INFOPLIST_KEY_UIApplicationSupportsIndirectInputEvents = YES;
				INFOPLIST_KEY_UILaunchScreen_Generation = YES;
				INFOPLIST_KEY_UISupportedInterfaceOrientations_iPad = "UIInterfaceOrientationPortrait UIInterfaceOrientationPortraitUpsideDown UIInterfaceOrientationLandscapeLeft UIInterfaceOrientationLandscapeRight";
				INFOPLIST_KEY_UISupportedInterfaceOrientations_iPhone = "UIInterfaceOrientationPortrait UIInterfaceOrientationLandscapeLeft UIInterfaceOrientationLandscapeRight";
				LD_RUNPATH_SEARCH_PATHS = (
					"$(inherited)",
					"@executable_path/Frameworks",
				);
				MARKETING_VERSION = 1.0;
				PRODUCT_BUNDLE_IDENTIFIER = "home.a5-tests";
				PRODUCT_NAME = "$(TARGET_NAME)";
				SWIFT_EMIT_LOC_STRINGS = YES;
				SWIFT_VERSION = 5.0;
				TARGETED_DEVICE_FAMILY = "1,2";
			};
			name = Release;
		};
		6270AB782B619D5A00BE81CF /* Debug */ = {
			isa = XCBuildConfiguration;
			buildSettings = {
				ALWAYS_EMBED_SWIFT_STANDARD_LIBRARIES = YES;
				BUNDLE_LOADER = "$(TEST_HOST)";
				CODE_SIGN_STYLE = Automatic;
				CURRENT_PROJECT_VERSION = 1;
				DEVELOPMENT_TEAM = LUFC6WH32K;
				GENERATE_INFOPLIST_FILE = YES;
				IPHONEOS_DEPLOYMENT_TARGET = 17.2;
				MARKETING_VERSION = 1.0;
				PRODUCT_BUNDLE_IDENTIFIER = "home.a5-testsTests";
				PRODUCT_NAME = "$(TARGET_NAME)";
				SWIFT_EMIT_LOC_STRINGS = NO;
				SWIFT_VERSION = 5.0;
				TARGETED_DEVICE_FAMILY = "1,2";
				TEST_HOST = "$(BUILT_PRODUCTS_DIR)/a5_tests.app/$(BUNDLE_EXECUTABLE_FOLDER_PATH)/a5_tests";
			};
			name = Debug;
		};
		6270AB792B619D5A00BE81CF /* Release */ = {
			isa = XCBuildConfiguration;
			buildSettings = {
				ALWAYS_EMBED_SWIFT_STANDARD_LIBRARIES = YES;
				BUNDLE_LOADER = "$(TEST_HOST)";
				CODE_SIGN_STYLE = Automatic;
				CURRENT_PROJECT_VERSION = 1;
				DEVELOPMENT_TEAM = LUFC6WH32K;
				GENERATE_INFOPLIST_FILE = YES;
				IPHONEOS_DEPLOYMENT_TARGET = 17.2;
				MARKETING_VERSION = 1.0;
				PRODUCT_BUNDLE_IDENTIFIER = "home.a5-testsTests";
				PRODUCT_NAME = "$(TARGET_NAME)";
				SWIFT_EMIT_LOC_STRINGS = NO;
				SWIFT_VERSION = 5.0;
				TARGETED_DEVICE_FAMILY = "1,2";
				TEST_HOST = "$(BUILT_PRODUCTS_DIR)/a5_tests.app/$(BUNDLE_EXECUTABLE_FOLDER_PATH)/a5_tests";
			};
			name = Release;
		};
		6270AB7B2B619D5A00BE81CF /* Debug */ = {
			isa = XCBuildConfiguration;
			buildSettings = {
				ALWAYS_EMBED_SWIFT_STANDARD_LIBRARIES = YES;
				CODE_SIGN_STYLE = Automatic;
				CURRENT_PROJECT_VERSION = 1;
				DEVELOPMENT_TEAM = LUFC6WH32K;
				GENERATE_INFOPLIST_FILE = YES;
				MARKETING_VERSION = 1.0;
				PRODUCT_BUNDLE_IDENTIFIER = "home.a5-testsUITests";
				PRODUCT_NAME = "$(TARGET_NAME)";
				SWIFT_EMIT_LOC_STRINGS = NO;
				SWIFT_VERSION = 5.0;
				TARGETED_DEVICE_FAMILY = "1,2";
				TEST_TARGET_NAME = a5_tests;
			};
			name = Debug;
		};
		6270AB7C2B619D5A00BE81CF /* Release */ = {
			isa = XCBuildConfiguration;
			buildSettings = {
				ALWAYS_EMBED_SWIFT_STANDARD_LIBRARIES = YES;
				CODE_SIGN_STYLE = Automatic;
				CURRENT_PROJECT_VERSION = 1;
				DEVELOPMENT_TEAM = LUFC6WH32K;
				GENERATE_INFOPLIST_FILE = YES;
				MARKETING_VERSION = 1.0;
				PRODUCT_BUNDLE_IDENTIFIER = "home.a5-testsUITests";
				PRODUCT_NAME = "$(TARGET_NAME)";
				SWIFT_EMIT_LOC_STRINGS = NO;
				SWIFT_VERSION = 5.0;
				TARGETED_DEVICE_FAMILY = "1,2";
				TEST_TARGET_NAME = a5_tests;
			};
			name = Release;
		};
/* End XCBuildConfiguration section */

/* Begin XCConfigurationList section */
		6270AB4B2B619D5600BE81CF /* Build configuration list for PBXProject "a5_tests" */ = {
			isa = XCConfigurationList;
			buildConfigurations = (
				6270AB722B619D5A00BE81CF /* Debug */,
				6270AB732B619D5A00BE81CF /* Release */,
			);
			defaultConfigurationIsVisible = 0;
			defaultConfigurationName = Release;
		};
		6270AB742B619D5A00BE81CF /* Build configuration list for PBXNativeTarget "a5_tests" */ = {
			isa = XCConfigurationList;
			buildConfigurations = (
				6270AB752B619D5A00BE81CF /* Debug */,
				6270AB762B619D5A00BE81CF /* Release */,
			);
			defaultConfigurationIsVisible = 0;
			defaultConfigurationName = Release;
		};
		6270AB772B619D5A00BE81CF /* Build configuration list for PBXNativeTarget "a5_testsTests" */ = {
			isa = XCConfigurationList;
			buildConfigurations = (
				6270AB782B619D5A00BE81CF /* Debug */,
				6270AB792B619D5A00BE81CF /* Release */,
			);
			defaultConfigurationIsVisible = 0;
			defaultConfigurationName = Release;
		};
		6270AB7A2B619D5A00BE81CF /* Build configuration list for PBXNativeTarget "a5_testsUITests" */ = {
			isa = XCConfigurationList;
			buildConfigurations = (
				6270AB7B2B619D5A00BE81CF /* Debug */,
				6270AB7C2B619D5A00BE81CF /* Release */,
			);
			defaultConfigurationIsVisible = 0;
			defaultConfigurationName = Release;
		};
/* End XCConfigurationList section */
	};
	rootObject = 6270AB482B619D5600BE81CF /* Project object */;
}
